// !$*UTF8*$!
{
	archiveVersion = 1;
	classes = {
	};
	objectVersion = 46;
	objects = {

/* Begin PBXBuildFile section */
		9A3E369215BA745700C3C268 /* UIKit.framework in Frameworks */ = {isa = PBXBuildFile; fileRef = 9A3E369115BA745700C3C268 /* UIKit.framework */; };
		9A3E369415BA745700C3C268 /* Foundation.framework in Frameworks */ = {isa = PBXBuildFile; fileRef = 9A3E369315BA745700C3C268 /* Foundation.framework */; };
		9A3E369615BA745700C3C268 /* CoreGraphics.framework in Frameworks */ = {isa = PBXBuildFile; fileRef = 9A3E369515BA745700C3C268 /* CoreGraphics.framework */; };
		9A3E369C15BA745700C3C268 /* InfoPlist.strings in Resources */ = {isa = PBXBuildFile; fileRef = 9A3E369A15BA745700C3C268 /* InfoPlist.strings */; };
		9A3E369E15BA745700C3C268 /* main.m in Sources */ = {isa = PBXBuildFile; fileRef = 9A3E369D15BA745700C3C268 /* main.m */; };
		9A3E36A215BA745700C3C268 /* SSAppDelegate.m in Sources */ = {isa = PBXBuildFile; fileRef = 9A3E36A115BA745700C3C268 /* SSAppDelegate.m */; };
		9A3E36A515BA745700C3C268 /* SSViewController.m in Sources */ = {isa = PBXBuildFile; fileRef = 9A3E36A415BA745700C3C268 /* SSViewController.m */; };
		9A3E36A815BA745700C3C268 /* SSViewController.xib in Resources */ = {isa = PBXBuildFile; fileRef = 9A3E36A615BA745700C3C268 /* SSViewController.xib */; };
		9A3E36B015BA745700C3C268 /* SenTestingKit.framework in Frameworks */ = {isa = PBXBuildFile; fileRef = 9A3E36AF15BA745700C3C268 /* SenTestingKit.framework */; };
		9A3E36B115BA745700C3C268 /* UIKit.framework in Frameworks */ = {isa = PBXBuildFile; fileRef = 9A3E369115BA745700C3C268 /* UIKit.framework */; };
		9A3E36B215BA745700C3C268 /* Foundation.framework in Frameworks */ = {isa = PBXBuildFile; fileRef = 9A3E369315BA745700C3C268 /* Foundation.framework */; };
		9A3E36BA15BA745700C3C268 /* InfoPlist.strings in Resources */ = {isa = PBXBuildFile; fileRef = 9A3E36B815BA745700C3C268 /* InfoPlist.strings */; };
		9A3E36BD15BA745700C3C268 /* Suess_for_iPadTests.m in Sources */ = {isa = PBXBuildFile; fileRef = 9A3E36BC15BA745700C3C268 /* Suess_for_iPadTests.m */; };
		9A3E36C815BA74E400C3C268 /* SSCanvasView.m in Sources */ = {isa = PBXBuildFile; fileRef = 9A3E36C715BA74E400C3C268 /* SSCanvasView.m */; };
		9A3E36CB15BA755E00C3C268 /* SSStatementView.m in Sources */ = {isa = PBXBuildFile; fileRef = 9A3E36CA15BA755E00C3C268 /* SSStatementView.m */; };
		9A3E36CE15BA758100C3C268 /* SSVariableView.m in Sources */ = {isa = PBXBuildFile; fileRef = 9A3E36CD15BA758100C3C268 /* SSVariableView.m */; };
		9AE1484E15BB3D7800380CD5 /* Hello World.suess in Resources */ = {isa = PBXBuildFile; fileRef = 9AE1484D15BB3D7800380CD5 /* Hello World.suess */; };
		9AE1485115BB3DAF00380CD5 /* What is your name?.suess in Resources */ = {isa = PBXBuildFile; fileRef = 9AE1485015BB3DAF00380CD5 /* What is your name?.suess */; };
		AFCB95E315BB322800669CA7 /* SSPopOverViewController.m in Sources */ = {isa = PBXBuildFile; fileRef = AFCB95E215BB322800669CA7 /* SSPopOverViewController.m */; };
		AFCB95FC15BB7B6700669CA7 /* SSConsoleViewController.m in Sources */ = {isa = PBXBuildFile; fileRef = AFCB95FA15BB7B6700669CA7 /* SSConsoleViewController.m */; };
		AFCB95FD15BB7B6700669CA7 /* SSConsoleViewController.xib in Resources */ = {isa = PBXBuildFile; fileRef = AFCB95FB15BB7B6700669CA7 /* SSConsoleViewController.xib */; };
/* End PBXBuildFile section */

/* Begin PBXContainerItemProxy section */
		9A3E36B315BA745700C3C268 /* PBXContainerItemProxy */ = {
			isa = PBXContainerItemProxy;
			containerPortal = 9A3E368415BA745700C3C268 /* Project object */;
			proxyType = 1;
			remoteGlobalIDString = 9A3E368C15BA745700C3C268;
			remoteInfo = "Suess for iPad";
		};
/* End PBXContainerItemProxy section */

/* Begin PBXFileReference section */
		9A3E368D15BA745700C3C268 /* Suess for iPad.app */ = {isa = PBXFileReference; explicitFileType = wrapper.application; includeInIndex = 0; path = "Suess for iPad.app"; sourceTree = BUILT_PRODUCTS_DIR; };
		9A3E369115BA745700C3C268 /* UIKit.framework */ = {isa = PBXFileReference; lastKnownFileType = wrapper.framework; name = UIKit.framework; path = System/Library/Frameworks/UIKit.framework; sourceTree = SDKROOT; };
		9A3E369315BA745700C3C268 /* Foundation.framework */ = {isa = PBXFileReference; lastKnownFileType = wrapper.framework; name = Foundation.framework; path = System/Library/Frameworks/Foundation.framework; sourceTree = SDKROOT; };
		9A3E369515BA745700C3C268 /* CoreGraphics.framework */ = {isa = PBXFileReference; lastKnownFileType = wrapper.framework; name = CoreGraphics.framework; path = System/Library/Frameworks/CoreGraphics.framework; sourceTree = SDKROOT; };
		9A3E369915BA745700C3C268 /* Suess for iPad-Info.plist */ = {isa = PBXFileReference; lastKnownFileType = text.plist.xml; path = "Suess for iPad-Info.plist"; sourceTree = "<group>"; };
		9A3E369B15BA745700C3C268 /* en */ = {isa = PBXFileReference; lastKnownFileType = text.plist.strings; name = en; path = en.lproj/InfoPlist.strings; sourceTree = "<group>"; };
		9A3E369D15BA745700C3C268 /* main.m */ = {isa = PBXFileReference; lastKnownFileType = sourcecode.c.objc; path = main.m; sourceTree = "<group>"; };
		9A3E369F15BA745700C3C268 /* Suess for iPad-Prefix.pch */ = {isa = PBXFileReference; lastKnownFileType = sourcecode.c.h; path = "Suess for iPad-Prefix.pch"; sourceTree = "<group>"; };
		9A3E36A015BA745700C3C268 /* SSAppDelegate.h */ = {isa = PBXFileReference; lastKnownFileType = sourcecode.c.h; path = SSAppDelegate.h; sourceTree = "<group>"; };
		9A3E36A115BA745700C3C268 /* SSAppDelegate.m */ = {isa = PBXFileReference; lastKnownFileType = sourcecode.c.objc; path = SSAppDelegate.m; sourceTree = "<group>"; };
		9A3E36A315BA745700C3C268 /* SSViewController.h */ = {isa = PBXFileReference; lastKnownFileType = sourcecode.c.h; path = SSViewController.h; sourceTree = "<group>"; };
		9A3E36A415BA745700C3C268 /* SSViewController.m */ = {isa = PBXFileReference; lastKnownFileType = sourcecode.c.objc; path = SSViewController.m; sourceTree = "<group>"; };
		9A3E36A715BA745700C3C268 /* en */ = {isa = PBXFileReference; lastKnownFileType = file.xib; name = en; path = en.lproj/SSViewController.xib; sourceTree = "<group>"; };
		9A3E36AE15BA745700C3C268 /* Suess for iPadTests.octest */ = {isa = PBXFileReference; explicitFileType = wrapper.cfbundle; includeInIndex = 0; path = "Suess for iPadTests.octest"; sourceTree = BUILT_PRODUCTS_DIR; };
		9A3E36AF15BA745700C3C268 /* SenTestingKit.framework */ = {isa = PBXFileReference; lastKnownFileType = wrapper.framework; name = SenTestingKit.framework; path = Library/Frameworks/SenTestingKit.framework; sourceTree = DEVELOPER_DIR; };
		9A3E36B715BA745700C3C268 /* Suess for iPadTests-Info.plist */ = {isa = PBXFileReference; lastKnownFileType = text.plist.xml; path = "Suess for iPadTests-Info.plist"; sourceTree = "<group>"; };
		9A3E36B915BA745700C3C268 /* en */ = {isa = PBXFileReference; lastKnownFileType = text.plist.strings; name = en; path = en.lproj/InfoPlist.strings; sourceTree = "<group>"; };
		9A3E36BB15BA745700C3C268 /* Suess_for_iPadTests.h */ = {isa = PBXFileReference; lastKnownFileType = sourcecode.c.h; path = Suess_for_iPadTests.h; sourceTree = "<group>"; };
		9A3E36BC15BA745700C3C268 /* Suess_for_iPadTests.m */ = {isa = PBXFileReference; lastKnownFileType = sourcecode.c.objc; path = Suess_for_iPadTests.m; sourceTree = "<group>"; };
		9A3E36C615BA74E400C3C268 /* SSCanvasView.h */ = {isa = PBXFileReference; fileEncoding = 4; lastKnownFileType = sourcecode.c.h; path = SSCanvasView.h; sourceTree = "<group>"; };
		9A3E36C715BA74E400C3C268 /* SSCanvasView.m */ = {isa = PBXFileReference; fileEncoding = 4; lastKnownFileType = sourcecode.c.objc; path = SSCanvasView.m; sourceTree = "<group>"; };
		9A3E36C915BA755E00C3C268 /* SSStatementView.h */ = {isa = PBXFileReference; fileEncoding = 4; lastKnownFileType = sourcecode.c.h; path = SSStatementView.h; sourceTree = "<group>"; };
		9A3E36CA15BA755E00C3C268 /* SSStatementView.m */ = {isa = PBXFileReference; fileEncoding = 4; lastKnownFileType = sourcecode.c.objc; path = SSStatementView.m; sourceTree = "<group>"; };
		9A3E36CC15BA758100C3C268 /* SSVariableView.h */ = {isa = PBXFileReference; fileEncoding = 4; lastKnownFileType = sourcecode.c.h; path = SSVariableView.h; sourceTree = "<group>"; };
		9A3E36CD15BA758100C3C268 /* SSVariableView.m */ = {isa = PBXFileReference; fileEncoding = 4; lastKnownFileType = sourcecode.c.objc; path = SSVariableView.m; sourceTree = "<group>"; };
		9AE1484D15BB3D7800380CD5 /* Hello World.suess */ = {isa = PBXFileReference; fileEncoding = 4; lastKnownFileType = text; path = "Hello World.suess"; sourceTree = "<group>"; };
		9AE1485015BB3DAF00380CD5 /* What is your name?.suess */ = {isa = PBXFileReference; fileEncoding = 4; lastKnownFileType = text; path = "What is your name?.suess"; sourceTree = "<group>"; };
		AFCB95E115BB322700669CA7 /* SSPopOverViewController.h */ = {isa = PBXFileReference; fileEncoding = 4; lastKnownFileType = sourcecode.c.h; path = SSPopOverViewController.h; sourceTree = "<group>"; };
		AFCB95E215BB322800669CA7 /* SSPopOverViewController.m */ = {isa = PBXFileReference; fileEncoding = 4; lastKnownFileType = sourcecode.c.objc; path = SSPopOverViewController.m; sourceTree = "<group>"; };
		AFCB95F915BB7B6700669CA7 /* SSConsoleViewController.h */ = {isa = PBXFileReference; fileEncoding = 4; lastKnownFileType = sourcecode.c.h; path = SSConsoleViewController.h; sourceTree = "<group>"; };
		AFCB95FA15BB7B6700669CA7 /* SSConsoleViewController.m */ = {isa = PBXFileReference; fileEncoding = 4; lastKnownFileType = sourcecode.c.objc; path = SSConsoleViewController.m; sourceTree = "<group>"; };
		AFCB95FB15BB7B6700669CA7 /* SSConsoleViewController.xib */ = {isa = PBXFileReference; fileEncoding = 4; lastKnownFileType = file.xib; path = SSConsoleViewController.xib; sourceTree = "<group>"; };
/* End PBXFileReference section */

/* Begin PBXFrameworksBuildPhase section */
		9A3E368A15BA745700C3C268 /* Frameworks */ = {
			isa = PBXFrameworksBuildPhase;
			buildActionMask = 2147483647;
			files = (
				9A3E369215BA745700C3C268 /* UIKit.framework in Frameworks */,
				9A3E369415BA745700C3C268 /* Foundation.framework in Frameworks */,
				9A3E369615BA745700C3C268 /* CoreGraphics.framework in Frameworks */,
			);
			runOnlyForDeploymentPostprocessing = 0;
		};
		9A3E36AA15BA745700C3C268 /* Frameworks */ = {
			isa = PBXFrameworksBuildPhase;
			buildActionMask = 2147483647;
			files = (
				9A3E36B015BA745700C3C268 /* SenTestingKit.framework in Frameworks */,
				9A3E36B115BA745700C3C268 /* UIKit.framework in Frameworks */,
				9A3E36B215BA745700C3C268 /* Foundation.framework in Frameworks */,
			);
			runOnlyForDeploymentPostprocessing = 0;
		};
/* End PBXFrameworksBuildPhase section */

/* Begin PBXGroup section */
		9A3E368215BA745700C3C268 = {
			isa = PBXGroup;
			children = (
				9A3E369715BA745700C3C268 /* Suess for iPad */,
				9A3E36B515BA745700C3C268 /* Suess for iPadTests */,
				9A3E369015BA745700C3C268 /* Frameworks */,
				9A3E368E15BA745700C3C268 /* Products */,
			);
			sourceTree = "<group>";
		};
		9A3E368E15BA745700C3C268 /* Products */ = {
			isa = PBXGroup;
			children = (
				9A3E368D15BA745700C3C268 /* Suess for iPad.app */,
				9A3E36AE15BA745700C3C268 /* Suess for iPadTests.octest */,
			);
			name = Products;
			sourceTree = "<group>";
		};
		9A3E369015BA745700C3C268 /* Frameworks */ = {
			isa = PBXGroup;
			children = (
				9A3E369115BA745700C3C268 /* UIKit.framework */,
				9A3E369315BA745700C3C268 /* Foundation.framework */,
				9A3E369515BA745700C3C268 /* CoreGraphics.framework */,
				9A3E36AF15BA745700C3C268 /* SenTestingKit.framework */,
			);
			name = Frameworks;
			sourceTree = "<group>";
		};
		9A3E369715BA745700C3C268 /* Suess for iPad */ = {
			isa = PBXGroup;
			children = (
				9A3E36A015BA745700C3C268 /* SSAppDelegate.h */,
				9A3E36A115BA745700C3C268 /* SSAppDelegate.m */,
				9A3E36A315BA745700C3C268 /* SSViewController.h */,
				9A3E36A415BA745700C3C268 /* SSViewController.m */,
				9A3E36A615BA745700C3C268 /* SSViewController.xib */,
				AFCB95E115BB322700669CA7 /* SSPopOverViewController.h */,
				AFCB95E215BB322800669CA7 /* SSPopOverViewController.m */,
				AFCB95F915BB7B6700669CA7 /* SSConsoleViewController.h */,
				AFCB95FA15BB7B6700669CA7 /* SSConsoleViewController.m */,
				AFCB95FB15BB7B6700669CA7 /* SSConsoleViewController.xib */,
				9A3E369815BA745700C3C268 /* Supporting Files */,
				9A3E36C615BA74E400C3C268 /* SSCanvasView.h */,
				9A3E36C715BA74E400C3C268 /* SSCanvasView.m */,
				9A3E36C915BA755E00C3C268 /* SSStatementView.h */,
				9A3E36CA15BA755E00C3C268 /* SSStatementView.m */,
				9A3E36CC15BA758100C3C268 /* SSVariableView.h */,
				9A3E36CD15BA758100C3C268 /* SSVariableView.m */,
				9AE1484D15BB3D7800380CD5 /* Hello World.suess */,
				9AE1485015BB3DAF00380CD5 /* What is your name?.suess */,
			);
			path = "Suess for iPad";
			sourceTree = "<group>";
		};
		9A3E369815BA745700C3C268 /* Supporting Files */ = {
			isa = PBXGroup;
			children = (
				9A3E369915BA745700C3C268 /* Suess for iPad-Info.plist */,
				9A3E369A15BA745700C3C268 /* InfoPlist.strings */,
				9A3E369D15BA745700C3C268 /* main.m */,
				9A3E369F15BA745700C3C268 /* Suess for iPad-Prefix.pch */,
			);
			name = "Supporting Files";
			sourceTree = "<group>";
		};
		9A3E36B515BA745700C3C268 /* Suess for iPadTests */ = {
			isa = PBXGroup;
			children = (
				9A3E36BB15BA745700C3C268 /* Suess_for_iPadTests.h */,
				9A3E36BC15BA745700C3C268 /* Suess_for_iPadTests.m */,
				9A3E36B615BA745700C3C268 /* Supporting Files */,
			);
			path = "Suess for iPadTests";
			sourceTree = "<group>";
		};
		9A3E36B615BA745700C3C268 /* Supporting Files */ = {
			isa = PBXGroup;
			children = (
				9A3E36B715BA745700C3C268 /* Suess for iPadTests-Info.plist */,
				9A3E36B815BA745700C3C268 /* InfoPlist.strings */,
			);
			name = "Supporting Files";
			sourceTree = "<group>";
		};
/* End PBXGroup section */

/* Begin PBXNativeTarget section */
		9A3E368C15BA745700C3C268 /* Suess for iPad */ = {
			isa = PBXNativeTarget;
			buildConfigurationList = 9A3E36C015BA745700C3C268 /* Build configuration list for PBXNativeTarget "Suess for iPad" */;
			buildPhases = (
				9A3E368915BA745700C3C268 /* Sources */,
				9A3E368A15BA745700C3C268 /* Frameworks */,
				9A3E368B15BA745700C3C268 /* Resources */,
			);
			buildRules = (
			);
			dependencies = (
			);
			name = "Suess for iPad";
			productName = "Suess for iPad";
			productReference = 9A3E368D15BA745700C3C268 /* Suess for iPad.app */;
			productType = "com.apple.product-type.application";
		};
		9A3E36AD15BA745700C3C268 /* Suess for iPadTests */ = {
			isa = PBXNativeTarget;
			buildConfigurationList = 9A3E36C315BA745700C3C268 /* Build configuration list for PBXNativeTarget "Suess for iPadTests" */;
			buildPhases = (
				9A3E36A915BA745700C3C268 /* Sources */,
				9A3E36AA15BA745700C3C268 /* Frameworks */,
				9A3E36AB15BA745700C3C268 /* Resources */,
				9A3E36AC15BA745700C3C268 /* ShellScript */,
			);
			buildRules = (
			);
			dependencies = (
				9A3E36B415BA745700C3C268 /* PBXTargetDependency */,
			);
			name = "Suess for iPadTests";
			productName = "Suess for iPadTests";
			productReference = 9A3E36AE15BA745700C3C268 /* Suess for iPadTests.octest */;
			productType = "com.apple.product-type.bundle";
		};
/* End PBXNativeTarget section */

/* Begin PBXProject section */
		9A3E368415BA745700C3C268 /* Project object */ = {
			isa = PBXProject;
			attributes = {
				CLASSPREFIX = SS;
				LastUpgradeCheck = 0430;
				ORGANIZATIONNAME = "Cory Kilger";
			};
			buildConfigurationList = 9A3E368715BA745700C3C268 /* Build configuration list for PBXProject "Suess for iPad" */;
			compatibilityVersion = "Xcode 3.2";
			developmentRegion = English;
			hasScannedForEncodings = 0;
			knownRegions = (
				en,
			);
			mainGroup = 9A3E368215BA745700C3C268;
			productRefGroup = 9A3E368E15BA745700C3C268 /* Products */;
			projectDirPath = "";
			projectRoot = "";
			targets = (
				9A3E368C15BA745700C3C268 /* Suess for iPad */,
				9A3E36AD15BA745700C3C268 /* Suess for iPadTests */,
			);
		};
/* End PBXProject section */

/* Begin PBXResourcesBuildPhase section */
		9A3E368B15BA745700C3C268 /* Resources */ = {
			isa = PBXResourcesBuildPhase;
			buildActionMask = 2147483647;
			files = (
				9A3E369C15BA745700C3C268 /* InfoPlist.strings in Resources */,
				9A3E36A815BA745700C3C268 /* SSViewController.xib in Resources */,
				9AE1484E15BB3D7800380CD5 /* Hello World.suess in Resources */,
				9AE1485115BB3DAF00380CD5 /* What is your name?.suess in Resources */,
				AFCB95FD15BB7B6700669CA7 /* SSConsoleViewController.xib in Resources */,
			);
			runOnlyForDeploymentPostprocessing = 0;
		};
		9A3E36AB15BA745700C3C268 /* Resources */ = {
			isa = PBXResourcesBuildPhase;
			buildActionMask = 2147483647;
			files = (
				9A3E36BA15BA745700C3C268 /* InfoPlist.strings in Resources */,
			);
			runOnlyForDeploymentPostprocessing = 0;
		};
/* End PBXResourcesBuildPhase section */

/* Begin PBXShellScriptBuildPhase section */
		9A3E36AC15BA745700C3C268 /* ShellScript */ = {
			isa = PBXShellScriptBuildPhase;
			buildActionMask = 2147483647;
			files = (
			);
			inputPaths = (
			);
			outputPaths = (
			);
			runOnlyForDeploymentPostprocessing = 0;
			shellPath = /bin/sh;
			shellScript = "# Run the unit tests in this test bundle.\n\"${SYSTEM_DEVELOPER_DIR}/Tools/RunUnitTests\"\n";
		};
/* End PBXShellScriptBuildPhase section */

/* Begin PBXSourcesBuildPhase section */
		9A3E368915BA745700C3C268 /* Sources */ = {
			isa = PBXSourcesBuildPhase;
			buildActionMask = 2147483647;
			files = (
				9A3E369E15BA745700C3C268 /* main.m in Sources */,
				9A3E36A215BA745700C3C268 /* SSAppDelegate.m in Sources */,
				9A3E36A515BA745700C3C268 /* SSViewController.m in Sources */,
				9A3E36C815BA74E400C3C268 /* SSCanvasView.m in Sources */,
				9A3E36CB15BA755E00C3C268 /* SSStatementView.m in Sources */,
				9A3E36CE15BA758100C3C268 /* SSVariableView.m in Sources */,
				AFCB95E315BB322800669CA7 /* SSPopOverViewController.m in Sources */,
				AFCB95FC15BB7B6700669CA7 /* SSConsoleViewController.m in Sources */,
			);
			runOnlyForDeploymentPostprocessing = 0;
		};
		9A3E36A915BA745700C3C268 /* Sources */ = {
			isa = PBXSourcesBuildPhase;
			buildActionMask = 2147483647;
			files = (
				9A3E36BD15BA745700C3C268 /* Suess_for_iPadTests.m in Sources */,
			);
			runOnlyForDeploymentPostprocessing = 0;
		};
/* End PBXSourcesBuildPhase section */

/* Begin PBXTargetDependency section */
		9A3E36B415BA745700C3C268 /* PBXTargetDependency */ = {
			isa = PBXTargetDependency;
			target = 9A3E368C15BA745700C3C268 /* Suess for iPad */;
			targetProxy = 9A3E36B315BA745700C3C268 /* PBXContainerItemProxy */;
		};
/* End PBXTargetDependency section */

/* Begin PBXVariantGroup section */
		9A3E369A15BA745700C3C268 /* InfoPlist.strings */ = {
			isa = PBXVariantGroup;
			children = (
				9A3E369B15BA745700C3C268 /* en */,
			);
			name = InfoPlist.strings;
			sourceTree = "<group>";
		};
		9A3E36A615BA745700C3C268 /* SSViewController.xib */ = {
			isa = PBXVariantGroup;
			children = (
				9A3E36A715BA745700C3C268 /* en */,
			);
			name = SSViewController.xib;
			sourceTree = "<group>";
		};
		9A3E36B815BA745700C3C268 /* InfoPlist.strings */ = {
			isa = PBXVariantGroup;
			children = (
				9A3E36B915BA745700C3C268 /* en */,
			);
			name = InfoPlist.strings;
			sourceTree = "<group>";
		};
/* End PBXVariantGroup section */

/* Begin XCBuildConfiguration section */
		9A3E36BE15BA745700C3C268 /* Debug */ = {
			isa = XCBuildConfiguration;
			buildSettings = {
				ALWAYS_SEARCH_USER_PATHS = NO;
				ARCHS = "$(ARCHS_STANDARD_32_BIT)";
				CLANG_ENABLE_OBJC_ARC = YES;
				"CODE_SIGN_IDENTITY[sdk=iphoneos*]" = "iPhone Developer";
				COPY_PHASE_STRIP = NO;
				GCC_C_LANGUAGE_STANDARD = gnu99;
				GCC_DYNAMIC_NO_PIC = NO;
				GCC_OPTIMIZATION_LEVEL = 0;
				GCC_PREPROCESSOR_DEFINITIONS = (
					"DEBUG=1",
					"$(inherited)",
				);
				GCC_SYMBOLS_PRIVATE_EXTERN = NO;
				GCC_VERSION = com.apple.compilers.llvm.clang.1_0;
				GCC_WARN_ABOUT_RETURN_TYPE = YES;
				GCC_WARN_UNINITIALIZED_AUTOS = YES;
				GCC_WARN_UNUSED_VARIABLE = YES;
				IPHONEOS_DEPLOYMENT_TARGET = 5.1;
				SDKROOT = iphoneos;
				TARGETED_DEVICE_FAMILY = 2;
			};
			name = Debug;
		};
		9A3E36BF15BA745700C3C268 /* Release */ = {
			isa = XCBuildConfiguration;
			buildSettings = {
				ALWAYS_SEARCH_USER_PATHS = NO;
				ARCHS = "$(ARCHS_STANDARD_32_BIT)";
				CLANG_ENABLE_OBJC_ARC = YES;
				"CODE_SIGN_IDENTITY[sdk=iphoneos*]" = "iPhone Developer";
				COPY_PHASE_STRIP = YES;
				GCC_C_LANGUAGE_STANDARD = gnu99;
				GCC_VERSION = com.apple.compilers.llvm.clang.1_0;
				GCC_WARN_ABOUT_RETURN_TYPE = YES;
				GCC_WARN_UNINITIALIZED_AUTOS = YES;
				GCC_WARN_UNUSED_VARIABLE = YES;
				IPHONEOS_DEPLOYMENT_TARGET = 5.1;
				OTHER_CFLAGS = "-DNS_BLOCK_ASSERTIONS=1";
				SDKROOT = iphoneos;
				TARGETED_DEVICE_FAMILY = 2;
				VALIDATE_PRODUCT = YES;
			};
			name = Release;
		};
		9A3E36C115BA745700C3C268 /* Debug */ = {
			isa = XCBuildConfiguration;
			buildSettings = {
				GCC_PRECOMPILE_PREFIX_HEADER = YES;
				GCC_PREFIX_HEADER = "Suess for iPad/Suess for iPad-Prefix.pch";
				INFOPLIST_FILE = "Suess for iPad/Suess for iPad-Info.plist";
				IPHONEOS_DEPLOYMENT_TARGET = 5.1;
				PRODUCT_NAME = "$(TARGET_NAME)";
				WRAPPER_EXTENSION = app;
			};
			name = Debug;
		};
		9A3E36C215BA745700C3C268 /* Release */ = {
			isa = XCBuildConfiguration;
			buildSettings = {
				GCC_PRECOMPILE_PREFIX_HEADER = YES;
				GCC_PREFIX_HEADER = "Suess for iPad/Suess for iPad-Prefix.pch";
				INFOPLIST_FILE = "Suess for iPad/Suess for iPad-Info.plist";
				IPHONEOS_DEPLOYMENT_TARGET = 5.1;
				PRODUCT_NAME = "$(TARGET_NAME)";
				WRAPPER_EXTENSION = app;
			};
			name = Release;
		};
		9A3E36C415BA745700C3C268 /* Debug */ = {
			isa = XCBuildConfiguration;
			buildSettings = {
				BUNDLE_LOADER = "$(BUILT_PRODUCTS_DIR)/Suess for iPad.app/Suess for iPad";
				FRAMEWORK_SEARCH_PATHS = (
					"$(SDKROOT)/Developer/Library/Frameworks",
					"$(DEVELOPER_LIBRARY_DIR)/Frameworks",
				);
				GCC_PRECOMPILE_PREFIX_HEADER = YES;
				GCC_PREFIX_HEADER = "Suess for iPad/Suess for iPad-Prefix.pch";
				INFOPLIST_FILE = "Suess for iPadTests/Suess for iPadTests-Info.plist";
				PRODUCT_NAME = "$(TARGET_NAME)";
				TEST_HOST = "$(BUNDLE_LOADER)";
				WRAPPER_EXTENSION = octest;
			};
			name = Debug;
		};
		9A3E36C515BA745700C3C268 /* Release */ = {
			isa = XCBuildConfiguration;
			buildSettings = {
				BUNDLE_LOADER = "$(BUILT_PRODUCTS_DIR)/Suess for iPad.app/Suess for iPad";
				FRAMEWORK_SEARCH_PATHS = (
					"$(SDKROOT)/Developer/Library/Frameworks",
					"$(DEVELOPER_LIBRARY_DIR)/Frameworks",
				);
				GCC_PRECOMPILE_PREFIX_HEADER = YES;
				GCC_PREFIX_HEADER = "Suess for iPad/Suess for iPad-Prefix.pch";
				INFOPLIST_FILE = "Suess for iPadTests/Suess for iPadTests-Info.plist";
				PRODUCT_NAME = "$(TARGET_NAME)";
				TEST_HOST = "$(BUNDLE_LOADER)";
				WRAPPER_EXTENSION = octest;
			};
			name = Release;
		};
/* End XCBuildConfiguration section */

/* Begin XCConfigurationList section */
		9A3E368715BA745700C3C268 /* Build configuration list for PBXProject "Suess for iPad" */ = {
			isa = XCConfigurationList;
			buildConfigurations = (
				9A3E36BE15BA745700C3C268 /* Debug */,
				9A3E36BF15BA745700C3C268 /* Release */,
			);
			defaultConfigurationIsVisible = 0;
			defaultConfigurationName = Release;
		};
		9A3E36C015BA745700C3C268 /* Build configuration list for PBXNativeTarget "Suess for iPad" */ = {
			isa = XCConfigurationList;
			buildConfigurations = (
				9A3E36C115BA745700C3C268 /* Debug */,
				9A3E36C215BA745700C3C268 /* Release */,
			);
			defaultConfigurationIsVisible = 0;
			defaultConfigurationName = Release;
		};
		9A3E36C315BA745700C3C268 /* Build configuration list for PBXNativeTarget "Suess for iPadTests" */ = {
			isa = XCConfigurationList;
			buildConfigurations = (
				9A3E36C415BA745700C3C268 /* Debug */,
				9A3E36C515BA745700C3C268 /* Release */,
			);
			defaultConfigurationIsVisible = 0;
			defaultConfigurationName = Release;
		};
/* End XCConfigurationList section */
	};
	rootObject = 9A3E368415BA745700C3C268 /* Project object */;
}
