// !$*UTF8*$!
{
	archiveVersion = 1;
	classes = {
	};
	objectVersion = 46;
	objects = {

/* Begin PBXBuildFile section */
		3215DD2B15BC8E0A00C2610C /* variable_bg.png in Resources */ = {isa = PBXBuildFile; fileRef = 3215DD2A15BC8E0A00C2610C /* variable_bg.png */; };
		3215DD2E15BC8E1E00C2610C /* blue_sm_btn.png in Resources */ = {isa = PBXBuildFile; fileRef = 3215DD2D15BC8E1E00C2610C /* blue_sm_btn.png */; };
		3215DD3015BC8E2700C2610C /* green_btn_sm.png in Resources */ = {isa = PBXBuildFile; fileRef = 3215DD2F15BC8E2700C2610C /* green_btn_sm.png */; };
		32C8931B15BCA72C0021E88E /* run_bg.png in Resources */ = {isa = PBXBuildFile; fileRef = 32C8931A15BCA72C0021E88E /* run_bg.png */; };
		32C8931D15BCA9B50021E88E /* Doctor Soos Light 1.1.ttf in Resources */ = {isa = PBXBuildFile; fileRef = 32C8931C15BCA9B50021E88E /* Doctor Soos Light 1.1.ttf */; };
		32EFE91915BC84770015456F /* workarea_bg_only.png in Resources */ = {isa = PBXBuildFile; fileRef = 32EFE91815BC84770015456F /* workarea_bg_only.png */; };
		9A17648015CC331F00FD65A7 /* slit_front_blue.png in Resources */ = {isa = PBXBuildFile; fileRef = 9A17647F15CC331F00FD65A7 /* slit_front_blue.png */; };
		9A3E369215BA745700C3C268 /* UIKit.framework in Frameworks */ = {isa = PBXBuildFile; fileRef = 9A3E369115BA745700C3C268 /* UIKit.framework */; };
		9A3E369415BA745700C3C268 /* Foundation.framework in Frameworks */ = {isa = PBXBuildFile; fileRef = 9A3E369315BA745700C3C268 /* Foundation.framework */; };
		9A3E369615BA745700C3C268 /* CoreGraphics.framework in Frameworks */ = {isa = PBXBuildFile; fileRef = 9A3E369515BA745700C3C268 /* CoreGraphics.framework */; };
		9A3E369C15BA745700C3C268 /* InfoPlist.strings in Resources */ = {isa = PBXBuildFile; fileRef = 9A3E369A15BA745700C3C268 /* InfoPlist.strings */; };
		9A3E369E15BA745700C3C268 /* main.m in Sources */ = {isa = PBXBuildFile; fileRef = 9A3E369D15BA745700C3C268 /* main.m */; };
		9A3E36A215BA745700C3C268 /* SSAppDelegate.m in Sources */ = {isa = PBXBuildFile; fileRef = 9A3E36A115BA745700C3C268 /* SSAppDelegate.m */; };
		9A3E36A515BA745700C3C268 /* SSViewController.m in Sources */ = {isa = PBXBuildFile; fileRef = 9A3E36A415BA745700C3C268 /* SSViewController.m */; };
		9A3E36A815BA745700C3C268 /* SSViewController.xib in Resources */ = {isa = PBXBuildFile; fileRef = 9A3E36A615BA745700C3C268 /* SSViewController.xib */; };
		9A3E36B015BA745700C3C268 /* SenTestingKit.framework in Frameworks */ = {isa = PBXBuildFile; fileRef = 9A3E36AF15BA745700C3C268 /* SenTestingKit.framework */; };
		9A3E36B115BA745700C3C268 /* UIKit.framework in Frameworks */ = {isa = PBXBuildFile; fileRef = 9A3E369115BA745700C3C268 /* UIKit.framework */; };
		9A3E36B215BA745700C3C268 /* Foundation.framework in Frameworks */ = {isa = PBXBuildFile; fileRef = 9A3E369315BA745700C3C268 /* Foundation.framework */; };
		9A3E36BA15BA745700C3C268 /* InfoPlist.strings in Resources */ = {isa = PBXBuildFile; fileRef = 9A3E36B815BA745700C3C268 /* InfoPlist.strings */; };
		9A3E36BD15BA745700C3C268 /* SeussProgrammerTests.m in Sources */ = {isa = PBXBuildFile; fileRef = 9A3E36BC15BA745700C3C268 /* SeussProgrammerTests.m */; };
		9A3E36C815BA74E400C3C268 /* SSCanvasView.m in Sources */ = {isa = PBXBuildFile; fileRef = 9A3E36C715BA74E400C3C268 /* SSCanvasView.m */; };
		9A3E36CB15BA755E00C3C268 /* SSStatementView.m in Sources */ = {isa = PBXBuildFile; fileRef = 9A3E36CA15BA755E00C3C268 /* SSStatementView.m */; };
		9A3E36CE15BA758100C3C268 /* SSVariableView.m in Sources */ = {isa = PBXBuildFile; fileRef = 9A3E36CD15BA758100C3C268 /* SSVariableView.m */; };
		9A4EBA1D15DC4DE900A15E33 /* QuartzCore.framework in Frameworks */ = {isa = PBXBuildFile; fileRef = 9A4EBA1C15DC4DE900A15E33 /* QuartzCore.framework */; };
		9A599F1015C26B72000DED43 /* Model.xcdatamodeld in Sources */ = {isa = PBXBuildFile; fileRef = 9A599F0E15C26B72000DED43 /* Model.xcdatamodeld */; };
		9A599F3915C315E9000DED43 /* SSProgram+Additions.m in Sources */ = {isa = PBXBuildFile; fileRef = 9A599F3815C315E9000DED43 /* SSProgram+Additions.m */; };
		9A599F4E15C4886B000DED43 /* NSManagedObject+Additions.m in Sources */ = {isa = PBXBuildFile; fileRef = 9A599F4D15C4886B000DED43 /* NSManagedObject+Additions.m */; };
		9A599F8715C4A529000DED43 /* SSCommand+Additions.m in Sources */ = {isa = PBXBuildFile; fileRef = 9A599F8615C4A529000DED43 /* SSCommand+Additions.m */; };
		9A599F8915C50C2E000DED43 /* CoreData.framework in Frameworks */ = {isa = PBXBuildFile; fileRef = 9A599F8815C50C2E000DED43 /* CoreData.framework */; };
		9A60A07415BC023100DC261F /* Story.seuss in Resources */ = {isa = PBXBuildFile; fileRef = 9A60A07315BC023100DC261F /* Story.seuss */; };
		9A86773D15BBE81300BBDAEE /* SSConsoleViewController.xib in Resources */ = {isa = PBXBuildFile; fileRef = 9A86773C15BBE81300BBDAEE /* SSConsoleViewController.xib */; };
		9A9EFEE715C8F58000C04826 /* SSStringView.m in Sources */ = {isa = PBXBuildFile; fileRef = 9A9EFEE615C8F58000C04826 /* SSStringView.m */; };
		9A9EFEE915C8F77900C04826 /* string_bg.png in Resources */ = {isa = PBXBuildFile; fileRef = 9A9EFEE815C8F77900C04826 /* string_bg.png */; };
		9A9EFEF415CA67AC00C04826 /* slit_front_green.png in Resources */ = {isa = PBXBuildFile; fileRef = 9A9EFEF215CA67AC00C04826 /* slit_front_green.png */; };
		9A9EFEF515CA67AC00C04826 /* slit_back.png in Resources */ = {isa = PBXBuildFile; fileRef = 9A9EFEF315CA67AC00C04826 /* slit_back.png */; };
		9AB784AF15BBC703002CEE23 /* libseuss.a in Frameworks */ = {isa = PBXBuildFile; fileRef = 9AB784AE15BBC703002CEE23 /* libseuss.a */; };
		9ACE27B215C66FEE00D7112F /* SSCommandView.m in Sources */ = {isa = PBXBuildFile; fileRef = 9ACE27B115C66FEE00D7112F /* SSCommandView.m */; };
		9ACE27B615C848A400D7112F /* SSVariable.m in Sources */ = {isa = PBXBuildFile; fileRef = 9ACE27B515C848A400D7112F /* SSVariable.m */; };
		9ACE27B915C848A600D7112F /* SSProgram.m in Sources */ = {isa = PBXBuildFile; fileRef = 9ACE27B815C848A600D7112F /* SSProgram.m */; };
		9ACE27BC15C848A600D7112F /* SSString.m in Sources */ = {isa = PBXBuildFile; fileRef = 9ACE27BB15C848A600D7112F /* SSString.m */; };
		9ACE27BF15C848A600D7112F /* SSParameter.m in Sources */ = {isa = PBXBuildFile; fileRef = 9ACE27BE15C848A600D7112F /* SSParameter.m */; };
		9ACE27C215C848A600D7112F /* SSCommand.m in Sources */ = {isa = PBXBuildFile; fileRef = 9ACE27C115C848A600D7112F /* SSCommand.m */; };
		9ACE27C515C848A600D7112F /* SSStatement.m in Sources */ = {isa = PBXBuildFile; fileRef = 9ACE27C415C848A600D7112F /* SSStatement.m */; };
		9ACE27C815C848FB00D7112F /* SSVariable+Additions.m in Sources */ = {isa = PBXBuildFile; fileRef = 9ACE27C715C848FB00D7112F /* SSVariable+Additions.m */; };
		9ACE27CB15C874C100D7112F /* SSParameter+Additions.m in Sources */ = {isa = PBXBuildFile; fileRef = 9ACE27CA15C874C100D7112F /* SSParameter+Additions.m */; };
		9ACE27CF15C87A9C00D7112F /* NSString+Additions.m in Sources */ = {isa = PBXBuildFile; fileRef = 9ACE27CE15C87A9C00D7112F /* NSString+Additions.m */; };
		9AE1484E15BB3D7800380CD5 /* Hello World.seuss in Resources */ = {isa = PBXBuildFile; fileRef = 9AE1484D15BB3D7800380CD5 /* Hello World.seuss */; };
		9AE1485115BB3DAF00380CD5 /* Name.seuss in Resources */ = {isa = PBXBuildFile; fileRef = 9AE1485015BB3DAF00380CD5 /* Name.seuss */; };
		AFCB95E315BB322800669CA7 /* SSPopOverViewController.m in Sources */ = {isa = PBXBuildFile; fileRef = AFCB95E215BB322800669CA7 /* SSPopOverViewController.m */; };
		AFCB95FC15BB7B6700669CA7 /* SSConsoleViewController.m in Sources */ = {isa = PBXBuildFile; fileRef = AFCB95FA15BB7B6700669CA7 /* SSConsoleViewController.m */; };
/* End PBXBuildFile section */

/* Begin PBXContainerItemProxy section */
		9A3E36B315BA745700C3C268 /* PBXContainerItemProxy */ = {
			isa = PBXContainerItemProxy;
			containerPortal = 9A3E368415BA745700C3C268 /* Project object */;
			proxyType = 1;
			remoteGlobalIDString = 9A3E368C15BA745700C3C268;
			remoteInfo = "SeussProgrammer";
		};
/* End PBXContainerItemProxy section */

/* Begin PBXFileReference section */
		3215DD2A15BC8E0A00C2610C /* variable_bg.png */ = {isa = PBXFileReference; lastKnownFileType = image.png; path = variable_bg.png; sourceTree = "<group>"; };
		3215DD2D15BC8E1E00C2610C /* blue_sm_btn.png */ = {isa = PBXFileReference; lastKnownFileType = image.png; path = blue_sm_btn.png; sourceTree = "<group>"; };
		3215DD2F15BC8E2700C2610C /* green_btn_sm.png */ = {isa = PBXFileReference; lastKnownFileType = image.png; path = green_btn_sm.png; sourceTree = "<group>"; };
		32C8931A15BCA72C0021E88E /* run_bg.png */ = {isa = PBXFileReference; lastKnownFileType = image.png; path = run_bg.png; sourceTree = "<group>"; };
		32C8931C15BCA9B50021E88E /* Doctor Soos Light 1.1.ttf */ = {isa = PBXFileReference; lastKnownFileType = file; path = "Doctor Soos Light 1.1.ttf"; sourceTree = "<group>"; };
		32EFE91815BC84770015456F /* workarea_bg_only.png */ = {isa = PBXFileReference; lastKnownFileType = image.png; path = workarea_bg_only.png; sourceTree = "<group>"; };
		9A17647F15CC331F00FD65A7 /* slit_front_blue.png */ = {isa = PBXFileReference; lastKnownFileType = image.png; path = slit_front_blue.png; sourceTree = "<group>"; };
		9A3E368D15BA745700C3C268 /* SeussProgrammer.app */ = {isa = PBXFileReference; explicitFileType = wrapper.application; includeInIndex = 0; path = "SeussProgrammer.app"; sourceTree = BUILT_PRODUCTS_DIR; };
		9A3E369115BA745700C3C268 /* UIKit.framework */ = {isa = PBXFileReference; lastKnownFileType = wrapper.framework; name = UIKit.framework; path = System/Library/Frameworks/UIKit.framework; sourceTree = SDKROOT; };
		9A3E369315BA745700C3C268 /* Foundation.framework */ = {isa = PBXFileReference; lastKnownFileType = wrapper.framework; name = Foundation.framework; path = System/Library/Frameworks/Foundation.framework; sourceTree = SDKROOT; };
		9A3E369515BA745700C3C268 /* CoreGraphics.framework */ = {isa = PBXFileReference; lastKnownFileType = wrapper.framework; name = CoreGraphics.framework; path = System/Library/Frameworks/CoreGraphics.framework; sourceTree = SDKROOT; };
		9A3E369915BA745700C3C268 /* SeussProgrammer-Info.plist */ = {isa = PBXFileReference; lastKnownFileType = text.plist.xml; path = "SeussProgrammer-Info.plist"; sourceTree = "<group>"; };
		9A3E369B15BA745700C3C268 /* en */ = {isa = PBXFileReference; lastKnownFileType = text.plist.strings; name = en; path = en.lproj/InfoPlist.strings; sourceTree = "<group>"; };
		9A3E369D15BA745700C3C268 /* main.m */ = {isa = PBXFileReference; lastKnownFileType = sourcecode.c.objc; path = main.m; sourceTree = "<group>"; };
		9A3E369F15BA745700C3C268 /* SeussProgrammer-Prefix.pch */ = {isa = PBXFileReference; lastKnownFileType = sourcecode.c.h; path = "SeussProgrammer-Prefix.pch"; sourceTree = "<group>"; };
		9A3E36A015BA745700C3C268 /* SSAppDelegate.h */ = {isa = PBXFileReference; lastKnownFileType = sourcecode.c.h; path = SSAppDelegate.h; sourceTree = "<group>"; };
		9A3E36A115BA745700C3C268 /* SSAppDelegate.m */ = {isa = PBXFileReference; lastKnownFileType = sourcecode.c.objc; path = SSAppDelegate.m; sourceTree = "<group>"; };
		9A3E36A315BA745700C3C268 /* SSViewController.h */ = {isa = PBXFileReference; lastKnownFileType = sourcecode.c.h; path = SSViewController.h; sourceTree = "<group>"; };
		9A3E36A415BA745700C3C268 /* SSViewController.m */ = {isa = PBXFileReference; lastKnownFileType = sourcecode.c.objc; path = SSViewController.m; sourceTree = "<group>"; };
		9A3E36A715BA745700C3C268 /* en */ = {isa = PBXFileReference; lastKnownFileType = file.xib; name = en; path = en.lproj/SSViewController.xib; sourceTree = "<group>"; };
		9A3E36AE15BA745700C3C268 /* SeussProgrammerTests.octest */ = {isa = PBXFileReference; explicitFileType = wrapper.cfbundle; includeInIndex = 0; path = "SeussProgrammerTests.octest"; sourceTree = BUILT_PRODUCTS_DIR; };
		9A3E36AF15BA745700C3C268 /* SenTestingKit.framework */ = {isa = PBXFileReference; lastKnownFileType = wrapper.framework; name = SenTestingKit.framework; path = Library/Frameworks/SenTestingKit.framework; sourceTree = DEVELOPER_DIR; };
		9A3E36B715BA745700C3C268 /* SeussProgrammerTests-Info.plist */ = {isa = PBXFileReference; lastKnownFileType = text.plist.xml; path = "SeussProgrammerTests-Info.plist"; sourceTree = "<group>"; };
		9A3E36B915BA745700C3C268 /* en */ = {isa = PBXFileReference; lastKnownFileType = text.plist.strings; name = en; path = en.lproj/InfoPlist.strings; sourceTree = "<group>"; };
		9A3E36BB15BA745700C3C268 /* SeussProgrammerTests.h */ = {isa = PBXFileReference; lastKnownFileType = sourcecode.c.h; path = SeussProgrammerTests.h; sourceTree = "<group>"; };
		9A3E36BC15BA745700C3C268 /* SeussProgrammerTests.m */ = {isa = PBXFileReference; lastKnownFileType = sourcecode.c.objc; path = SeussProgrammerTests.m; sourceTree = "<group>"; };
		9A3E36C615BA74E400C3C268 /* SSCanvasView.h */ = {isa = PBXFileReference; fileEncoding = 4; lastKnownFileType = sourcecode.c.h; path = SSCanvasView.h; sourceTree = "<group>"; };
		9A3E36C715BA74E400C3C268 /* SSCanvasView.m */ = {isa = PBXFileReference; fileEncoding = 4; lastKnownFileType = sourcecode.c.objc; path = SSCanvasView.m; sourceTree = "<group>"; };
		9A3E36C915BA755E00C3C268 /* SSStatementView.h */ = {isa = PBXFileReference; fileEncoding = 4; lastKnownFileType = sourcecode.c.h; path = SSStatementView.h; sourceTree = "<group>"; };
		9A3E36CA15BA755E00C3C268 /* SSStatementView.m */ = {isa = PBXFileReference; fileEncoding = 4; lastKnownFileType = sourcecode.c.objc; path = SSStatementView.m; sourceTree = "<group>"; };
		9A3E36CC15BA758100C3C268 /* SSVariableView.h */ = {isa = PBXFileReference; fileEncoding = 4; lastKnownFileType = sourcecode.c.h; path = SSVariableView.h; sourceTree = "<group>"; };
		9A3E36CD15BA758100C3C268 /* SSVariableView.m */ = {isa = PBXFileReference; fileEncoding = 4; lastKnownFileType = sourcecode.c.objc; path = SSVariableView.m; sourceTree = "<group>"; };
		9A4EBA1C15DC4DE900A15E33 /* QuartzCore.framework */ = {isa = PBXFileReference; lastKnownFileType = wrapper.framework; name = QuartzCore.framework; path = System/Library/Frameworks/QuartzCore.framework; sourceTree = SDKROOT; };
		9A599F0F15C26B72000DED43 /* Model.xcdatamodel */ = {isa = PBXFileReference; lastKnownFileType = wrapper.xcdatamodel; path = Model.xcdatamodel; sourceTree = "<group>"; };
		9A599F3715C315E9000DED43 /* SSProgram+Additions.h */ = {isa = PBXFileReference; fileEncoding = 4; lastKnownFileType = sourcecode.c.h; path = "SSProgram+Additions.h"; sourceTree = "<group>"; };
		9A599F3815C315E9000DED43 /* SSProgram+Additions.m */ = {isa = PBXFileReference; fileEncoding = 4; lastKnownFileType = sourcecode.c.objc; path = "SSProgram+Additions.m"; sourceTree = "<group>"; };
		9A599F4C15C4886B000DED43 /* NSManagedObject+Additions.h */ = {isa = PBXFileReference; fileEncoding = 4; lastKnownFileType = sourcecode.c.h; path = "NSManagedObject+Additions.h"; sourceTree = "<group>"; };
		9A599F4D15C4886B000DED43 /* NSManagedObject+Additions.m */ = {isa = PBXFileReference; fileEncoding = 4; lastKnownFileType = sourcecode.c.objc; path = "NSManagedObject+Additions.m"; sourceTree = "<group>"; };
		9A599F8515C4A528000DED43 /* SSCommand+Additions.h */ = {isa = PBXFileReference; fileEncoding = 4; lastKnownFileType = sourcecode.c.h; path = "SSCommand+Additions.h"; sourceTree = "<group>"; };
		9A599F8615C4A529000DED43 /* SSCommand+Additions.m */ = {isa = PBXFileReference; fileEncoding = 4; lastKnownFileType = sourcecode.c.objc; path = "SSCommand+Additions.m"; sourceTree = "<group>"; };
		9A599F8815C50C2E000DED43 /* CoreData.framework */ = {isa = PBXFileReference; lastKnownFileType = wrapper.framework; name = CoreData.framework; path = System/Library/Frameworks/CoreData.framework; sourceTree = SDKROOT; };
		9A60A07315BC023100DC261F /* Story.seuss */ = {isa = PBXFileReference; fileEncoding = 4; lastKnownFileType = text; path = Story.seuss; sourceTree = "<group>"; };
		9A86773C15BBE81300BBDAEE /* SSConsoleViewController.xib */ = {isa = PBXFileReference; fileEncoding = 4; lastKnownFileType = file.xib; path = SSConsoleViewController.xib; sourceTree = "<group>"; };
		9A9EFEE515C8F58000C04826 /* SSStringView.h */ = {isa = PBXFileReference; fileEncoding = 4; lastKnownFileType = sourcecode.c.h; path = SSStringView.h; sourceTree = "<group>"; };
		9A9EFEE615C8F58000C04826 /* SSStringView.m */ = {isa = PBXFileReference; fileEncoding = 4; lastKnownFileType = sourcecode.c.objc; path = SSStringView.m; sourceTree = "<group>"; };
		9A9EFEE815C8F77900C04826 /* string_bg.png */ = {isa = PBXFileReference; lastKnownFileType = image.png; path = string_bg.png; sourceTree = "<group>"; };
		9A9EFEF215CA67AC00C04826 /* slit_front_green.png */ = {isa = PBXFileReference; lastKnownFileType = image.png; path = slit_front_green.png; sourceTree = "<group>"; };
		9A9EFEF315CA67AC00C04826 /* slit_back.png */ = {isa = PBXFileReference; lastKnownFileType = image.png; path = slit_back.png; sourceTree = "<group>"; };
		9AB784AE15BBC703002CEE23 /* libseuss.a */ = {isa = PBXFileReference; lastKnownFileType = archive.ar; name = libseuss.a; path = Seuss/build/Release/libseuss.a; sourceTree = "<group>"; };
		9ACE27B015C66FED00D7112F /* SSCommandView.h */ = {isa = PBXFileReference; fileEncoding = 4; lastKnownFileType = sourcecode.c.h; path = SSCommandView.h; sourceTree = "<group>"; };
		9ACE27B115C66FEE00D7112F /* SSCommandView.m */ = {isa = PBXFileReference; fileEncoding = 4; lastKnownFileType = sourcecode.c.objc; path = SSCommandView.m; sourceTree = "<group>"; };
		9ACE27B415C848A400D7112F /* SSVariable.h */ = {isa = PBXFileReference; fileEncoding = 4; lastKnownFileType = sourcecode.c.h; path = SSVariable.h; sourceTree = "<group>"; };
		9ACE27B515C848A400D7112F /* SSVariable.m */ = {isa = PBXFileReference; fileEncoding = 4; lastKnownFileType = sourcecode.c.objc; path = SSVariable.m; sourceTree = "<group>"; };
		9ACE27B715C848A600D7112F /* SSProgram.h */ = {isa = PBXFileReference; fileEncoding = 4; lastKnownFileType = sourcecode.c.h; path = SSProgram.h; sourceTree = "<group>"; };
		9ACE27B815C848A600D7112F /* SSProgram.m */ = {isa = PBXFileReference; fileEncoding = 4; lastKnownFileType = sourcecode.c.objc; path = SSProgram.m; sourceTree = "<group>"; };
		9ACE27BA15C848A600D7112F /* SSString.h */ = {isa = PBXFileReference; fileEncoding = 4; lastKnownFileType = sourcecode.c.h; path = SSString.h; sourceTree = "<group>"; };
		9ACE27BB15C848A600D7112F /* SSString.m */ = {isa = PBXFileReference; fileEncoding = 4; lastKnownFileType = sourcecode.c.objc; path = SSString.m; sourceTree = "<group>"; };
		9ACE27BD15C848A600D7112F /* SSParameter.h */ = {isa = PBXFileReference; fileEncoding = 4; lastKnownFileType = sourcecode.c.h; path = SSParameter.h; sourceTree = "<group>"; };
		9ACE27BE15C848A600D7112F /* SSParameter.m */ = {isa = PBXFileReference; fileEncoding = 4; lastKnownFileType = sourcecode.c.objc; path = SSParameter.m; sourceTree = "<group>"; };
		9ACE27C015C848A600D7112F /* SSCommand.h */ = {isa = PBXFileReference; fileEncoding = 4; lastKnownFileType = sourcecode.c.h; path = SSCommand.h; sourceTree = "<group>"; };
		9ACE27C115C848A600D7112F /* SSCommand.m */ = {isa = PBXFileReference; fileEncoding = 4; lastKnownFileType = sourcecode.c.objc; path = SSCommand.m; sourceTree = "<group>"; };
		9ACE27C315C848A600D7112F /* SSStatement.h */ = {isa = PBXFileReference; fileEncoding = 4; lastKnownFileType = sourcecode.c.h; path = SSStatement.h; sourceTree = "<group>"; };
		9ACE27C415C848A600D7112F /* SSStatement.m */ = {isa = PBXFileReference; fileEncoding = 4; lastKnownFileType = sourcecode.c.objc; path = SSStatement.m; sourceTree = "<group>"; };
		9ACE27C615C848FB00D7112F /* SSVariable+Additions.h */ = {isa = PBXFileReference; fileEncoding = 4; lastKnownFileType = sourcecode.c.h; path = "SSVariable+Additions.h"; sourceTree = "<group>"; };
		9ACE27C715C848FB00D7112F /* SSVariable+Additions.m */ = {isa = PBXFileReference; fileEncoding = 4; lastKnownFileType = sourcecode.c.objc; path = "SSVariable+Additions.m"; sourceTree = "<group>"; };
		9ACE27C915C874C100D7112F /* SSParameter+Additions.h */ = {isa = PBXFileReference; fileEncoding = 4; lastKnownFileType = sourcecode.c.h; path = "SSParameter+Additions.h"; sourceTree = "<group>"; };
		9ACE27CA15C874C100D7112F /* SSParameter+Additions.m */ = {isa = PBXFileReference; fileEncoding = 4; lastKnownFileType = sourcecode.c.objc; path = "SSParameter+Additions.m"; sourceTree = "<group>"; };
		9ACE27CC15C875FC00D7112F /* SSParameterType.h */ = {isa = PBXFileReference; lastKnownFileType = sourcecode.c.h; path = SSParameterType.h; sourceTree = "<group>"; };
		9ACE27CD15C87A9C00D7112F /* NSString+Additions.h */ = {isa = PBXFileReference; fileEncoding = 4; lastKnownFileType = sourcecode.c.h; path = "NSString+Additions.h"; sourceTree = "<group>"; };
		9ACE27CE15C87A9C00D7112F /* NSString+Additions.m */ = {isa = PBXFileReference; fileEncoding = 4; lastKnownFileType = sourcecode.c.objc; path = "NSString+Additions.m"; sourceTree = "<group>"; };
		9AE1484D15BB3D7800380CD5 /* Hello World.seuss */ = {isa = PBXFileReference; fileEncoding = 4; lastKnownFileType = text; path = "Hello World.seuss"; sourceTree = "<group>"; };
		9AE1485015BB3DAF00380CD5 /* Name.seuss */ = {isa = PBXFileReference; fileEncoding = 4; lastKnownFileType = text; path = Name.seuss; sourceTree = "<group>"; };
		AFCB95E115BB322700669CA7 /* SSPopOverViewController.h */ = {isa = PBXFileReference; fileEncoding = 4; lastKnownFileType = sourcecode.c.h; path = SSPopOverViewController.h; sourceTree = "<group>"; };
		AFCB95E215BB322800669CA7 /* SSPopOverViewController.m */ = {isa = PBXFileReference; fileEncoding = 4; lastKnownFileType = sourcecode.c.objc; path = SSPopOverViewController.m; sourceTree = "<group>"; };
		AFCB95F915BB7B6700669CA7 /* SSConsoleViewController.h */ = {isa = PBXFileReference; fileEncoding = 4; lastKnownFileType = sourcecode.c.h; path = SSConsoleViewController.h; sourceTree = "<group>"; };
		AFCB95FA15BB7B6700669CA7 /* SSConsoleViewController.m */ = {isa = PBXFileReference; fileEncoding = 4; lastKnownFileType = sourcecode.c.objc; path = SSConsoleViewController.m; sourceTree = "<group>"; };
/* End PBXFileReference section */

/* Begin PBXFrameworksBuildPhase section */
		9A3E368A15BA745700C3C268 /* Frameworks */ = {
			isa = PBXFrameworksBuildPhase;
			buildActionMask = 2147483647;
			files = (
				9A4EBA1D15DC4DE900A15E33 /* QuartzCore.framework in Frameworks */,
				9A599F8915C50C2E000DED43 /* CoreData.framework in Frameworks */,
				9AB784AF15BBC703002CEE23 /* libseuss.a in Frameworks */,
				9A3E369215BA745700C3C268 /* UIKit.framework in Frameworks */,
				9A3E369415BA745700C3C268 /* Foundation.framework in Frameworks */,
				9A3E369615BA745700C3C268 /* CoreGraphics.framework in Frameworks */,
			);
			runOnlyForDeploymentPostprocessing = 0;
		};
		9A3E36AA15BA745700C3C268 /* Frameworks */ = {
			isa = PBXFrameworksBuildPhase;
			buildActionMask = 2147483647;
			files = (
				9A3E36B015BA745700C3C268 /* SenTestingKit.framework in Frameworks */,
				9A3E36B115BA745700C3C268 /* UIKit.framework in Frameworks */,
				9A3E36B215BA745700C3C268 /* Foundation.framework in Frameworks */,
			);
			runOnlyForDeploymentPostprocessing = 0;
		};
/* End PBXFrameworksBuildPhase section */

/* Begin PBXGroup section */
		32EFE91515BC80C00015456F /* Resources */ = {
			isa = PBXGroup;
			children = (
				32C8931C15BCA9B50021E88E /* Doctor Soos Light 1.1.ttf */,
				32C8931A15BCA72C0021E88E /* run_bg.png */,
				3215DD2F15BC8E2700C2610C /* green_btn_sm.png */,
				3215DD2D15BC8E1E00C2610C /* blue_sm_btn.png */,
				9A9EFEE815C8F77900C04826 /* string_bg.png */,
				3215DD2A15BC8E0A00C2610C /* variable_bg.png */,
				32EFE91815BC84770015456F /* workarea_bg_only.png */,
				9A17647F15CC331F00FD65A7 /* slit_front_blue.png */,
				9A9EFEF215CA67AC00C04826 /* slit_front_green.png */,
				9A9EFEF315CA67AC00C04826 /* slit_back.png */,
			);
			name = Resources;
			path = "SeussProgrammer";
			sourceTree = "<group>";
		};
		9A3E368215BA745700C3C268 = {
			isa = PBXGroup;
			children = (
				9A3E369715BA745700C3C268 /* SeussProgrammer */,
				32EFE91515BC80C00015456F /* Resources */,
				9A3E36B515BA745700C3C268 /* SeussProgrammerTests */,
				9A3E369015BA745700C3C268 /* Frameworks */,
				9A3E368E15BA745700C3C268 /* Products */,
			);
			sourceTree = "<group>";
		};
		9A3E368E15BA745700C3C268 /* Products */ = {
			isa = PBXGroup;
			children = (
				9A3E368D15BA745700C3C268 /* SeussProgrammer.app */,
				9A3E36AE15BA745700C3C268 /* SeussProgrammerTests.octest */,
			);
			name = Products;
			sourceTree = "<group>";
		};
		9A3E369015BA745700C3C268 /* Frameworks */ = {
			isa = PBXGroup;
			children = (
				9AB784AE15BBC703002CEE23 /* libseuss.a */,
				9A3E369115BA745700C3C268 /* UIKit.framework */,
				9A3E369315BA745700C3C268 /* Foundation.framework */,
				9A3E369515BA745700C3C268 /* CoreGraphics.framework */,
				9A4EBA1C15DC4DE900A15E33 /* QuartzCore.framework */,
				9A599F8815C50C2E000DED43 /* CoreData.framework */,
				9A3E36AF15BA745700C3C268 /* SenTestingKit.framework */,
			);
			name = Frameworks;
			sourceTree = "<group>";
		};
		9A3E369715BA745700C3C268 /* SeussProgrammer */ = {
			isa = PBXGroup;
			children = (
				9A3E36A015BA745700C3C268 /* SSAppDelegate.h */,
				9A3E36A115BA745700C3C268 /* SSAppDelegate.m */,
				9A3E36A315BA745700C3C268 /* SSViewController.h */,
				9A3E36A415BA745700C3C268 /* SSViewController.m */,
				9A3E36A615BA745700C3C268 /* SSViewController.xib */,
				AFCB95E115BB322700669CA7 /* SSPopOverViewController.h */,
				AFCB95E215BB322800669CA7 /* SSPopOverViewController.m */,
				AFCB95F915BB7B6700669CA7 /* SSConsoleViewController.h */,
				AFCB95FA15BB7B6700669CA7 /* SSConsoleViewController.m */,
				9A86773C15BBE81300BBDAEE /* SSConsoleViewController.xib */,
				9A9EFEE415C8F31900C04826 /* Views */,
				9A599F0D15C26B0A000DED43 /* Model */,
				9A599F0B15C26A0A000DED43 /* Samples */,
				9A3E369815BA745700C3C268 /* Supporting Files */,
			);
			path = "SeussProgrammer";
			sourceTree = "<group>";
		};
		9A3E369815BA745700C3C268 /* Supporting Files */ = {
			isa = PBXGroup;
			children = (
				9A3E369915BA745700C3C268 /* SeussProgrammer-Info.plist */,
				9A3E369A15BA745700C3C268 /* InfoPlist.strings */,
				9A3E369D15BA745700C3C268 /* main.m */,
				9A3E369F15BA745700C3C268 /* SeussProgrammer-Prefix.pch */,
			);
			name = "Supporting Files";
			sourceTree = "<group>";
		};
		9A3E36B515BA745700C3C268 /* SeussProgrammerTests */ = {
			isa = PBXGroup;
			children = (
				9A3E36BB15BA745700C3C268 /* SeussProgrammerTests.h */,
				9A3E36BC15BA745700C3C268 /* SeussProgrammerTests.m */,
				9A3E36B615BA745700C3C268 /* Supporting Files */,
			);
			path = "SeussProgrammerTests";
			sourceTree = "<group>";
		};
		9A3E36B615BA745700C3C268 /* Supporting Files */ = {
			isa = PBXGroup;
			children = (
				9A3E36B715BA745700C3C268 /* SeussProgrammerTests-Info.plist */,
				9A3E36B815BA745700C3C268 /* InfoPlist.strings */,
			);
			name = "Supporting Files";
			sourceTree = "<group>";
		};
		9A599F0B15C26A0A000DED43 /* Samples */ = {
			isa = PBXGroup;
			children = (
				9AE1484D15BB3D7800380CD5 /* Hello World.seuss */,
				9AE1485015BB3DAF00380CD5 /* Name.seuss */,
				9A60A07315BC023100DC261F /* Story.seuss */,
			);
			name = Samples;
			sourceTree = "<group>";
		};
		9A599F0D15C26B0A000DED43 /* Model */ = {
			isa = PBXGroup;
			children = (
				9A599F0E15C26B72000DED43 /* Model.xcdatamodeld */,
				9A599F3515C315B6000DED43 /* Managed Objects */,
				9A599F3615C315C1000DED43 /* Additions */,
			);
			name = Model;
			sourceTree = "<group>";
		};
		9A599F3515C315B6000DED43 /* Managed Objects */ = {
			isa = PBXGroup;
			children = (
				9ACE27B415C848A400D7112F /* SSVariable.h */,
				9ACE27B515C848A400D7112F /* SSVariable.m */,
				9ACE27B715C848A600D7112F /* SSProgram.h */,
				9ACE27B815C848A600D7112F /* SSProgram.m */,
				9ACE27BA15C848A600D7112F /* SSString.h */,
				9ACE27BB15C848A600D7112F /* SSString.m */,
				9ACE27BD15C848A600D7112F /* SSParameter.h */,
				9ACE27BE15C848A600D7112F /* SSParameter.m */,
				9ACE27C015C848A600D7112F /* SSCommand.h */,
				9ACE27C115C848A600D7112F /* SSCommand.m */,
				9ACE27C315C848A600D7112F /* SSStatement.h */,
				9ACE27C415C848A600D7112F /* SSStatement.m */,
			);
			name = "Managed Objects";
			sourceTree = "<group>";
		};
		9A599F3615C315C1000DED43 /* Additions */ = {
			isa = PBXGroup;
			children = (
				9A599F3715C315E9000DED43 /* SSProgram+Additions.h */,
				9A599F3815C315E9000DED43 /* SSProgram+Additions.m */,
				9A599F8515C4A528000DED43 /* SSCommand+Additions.h */,
				9A599F8615C4A529000DED43 /* SSCommand+Additions.m */,
				9ACE27C615C848FB00D7112F /* SSVariable+Additions.h */,
				9ACE27C715C848FB00D7112F /* SSVariable+Additions.m */,
				9ACE27C915C874C100D7112F /* SSParameter+Additions.h */,
				9ACE27CA15C874C100D7112F /* SSParameter+Additions.m */,
				9ACE27CC15C875FC00D7112F /* SSParameterType.h */,
				9A599F4C15C4886B000DED43 /* NSManagedObject+Additions.h */,
				9A599F4D15C4886B000DED43 /* NSManagedObject+Additions.m */,
				9ACE27CD15C87A9C00D7112F /* NSString+Additions.h */,
				9ACE27CE15C87A9C00D7112F /* NSString+Additions.m */,
			);
			name = Additions;
			sourceTree = "<group>";
		};
		9A9EFEE415C8F31900C04826 /* Views */ = {
			isa = PBXGroup;
			children = (
				9A3E36C615BA74E400C3C268 /* SSCanvasView.h */,
				9A3E36C715BA74E400C3C268 /* SSCanvasView.m */,
				9ACE27B015C66FED00D7112F /* SSCommandView.h */,
				9ACE27B115C66FEE00D7112F /* SSCommandView.m */,
				9A3E36C915BA755E00C3C268 /* SSStatementView.h */,
				9A3E36CA15BA755E00C3C268 /* SSStatementView.m */,
				9A3E36CC15BA758100C3C268 /* SSVariableView.h */,
				9A3E36CD15BA758100C3C268 /* SSVariableView.m */,
				9A9EFEE515C8F58000C04826 /* SSStringView.h */,
				9A9EFEE615C8F58000C04826 /* SSStringView.m */,
			);
			name = Views;
			sourceTree = "<group>";
		};
/* End PBXGroup section */

/* Begin PBXNativeTarget section */
		9A3E368C15BA745700C3C268 /* SeussProgrammer */ = {
			isa = PBXNativeTarget;
			buildConfigurationList = 9A3E36C015BA745700C3C268 /* Build configuration list for PBXNativeTarget "SeussProgrammer" */;
			buildPhases = (
				9A3E368915BA745700C3C268 /* Sources */,
				9A3E368A15BA745700C3C268 /* Frameworks */,
				9A3E368B15BA745700C3C268 /* Resources */,
			);
			buildRules = (
			);
			dependencies = (
			);
			name = "SeussProgrammer";
			productName = "SeussProgrammer";
			productReference = 9A3E368D15BA745700C3C268 /* SeussProgrammer.app */;
			productType = "com.apple.product-type.application";
		};
		9A3E36AD15BA745700C3C268 /* SeussProgrammerTests */ = {
			isa = PBXNativeTarget;
			buildConfigurationList = 9A3E36C315BA745700C3C268 /* Build configuration list for PBXNativeTarget "SeussProgrammerTests" */;
			buildPhases = (
				9A3E36A915BA745700C3C268 /* Sources */,
				9A3E36AA15BA745700C3C268 /* Frameworks */,
				9A3E36AB15BA745700C3C268 /* Resources */,
				9A3E36AC15BA745700C3C268 /* ShellScript */,
			);
			buildRules = (
			);
			dependencies = (
				9A3E36B415BA745700C3C268 /* PBXTargetDependency */,
			);
			name = "SeussProgrammerTests";
			productName = "SeussProgrammerTests";
			productReference = 9A3E36AE15BA745700C3C268 /* SeussProgrammerTests.octest */;
			productType = "com.apple.product-type.bundle";
		};
/* End PBXNativeTarget section */

/* Begin PBXProject section */
		9A3E368415BA745700C3C268 /* Project object */ = {
			isa = PBXProject;
			attributes = {
				CLASSPREFIX = SS;
				LastUpgradeCheck = 0430;
				ORGANIZATIONNAME = "Cory Kilger";
			};
			buildConfigurationList = 9A3E368715BA745700C3C268 /* Build configuration list for PBXProject "SeussProgrammer" */;
			compatibilityVersion = "Xcode 3.2";
			developmentRegion = English;
			hasScannedForEncodings = 0;
			knownRegions = (
				en,
			);
			mainGroup = 9A3E368215BA745700C3C268;
			productRefGroup = 9A3E368E15BA745700C3C268 /* Products */;
			projectDirPath = "";
			projectRoot = "";
			targets = (
				9A3E368C15BA745700C3C268 /* SeussProgrammer */,
				9A3E36AD15BA745700C3C268 /* SeussProgrammerTests */,
			);
		};
/* End PBXProject section */

/* Begin PBXResourcesBuildPhase section */
		9A3E368B15BA745700C3C268 /* Resources */ = {
			isa = PBXResourcesBuildPhase;
			buildActionMask = 2147483647;
			files = (
				9A3E369C15BA745700C3C268 /* InfoPlist.strings in Resources */,
				9A3E36A815BA745700C3C268 /* SSViewController.xib in Resources */,
				9AE1484E15BB3D7800380CD5 /* Hello World.seuss in Resources */,
				9AE1485115BB3DAF00380CD5 /* Name.seuss in Resources */,
				9A86773D15BBE81300BBDAEE /* SSConsoleViewController.xib in Resources */,
				9A60A07415BC023100DC261F /* Story.seuss in Resources */,
				32EFE91915BC84770015456F /* workarea_bg_only.png in Resources */,
				3215DD2B15BC8E0A00C2610C /* variable_bg.png in Resources */,
				3215DD2E15BC8E1E00C2610C /* blue_sm_btn.png in Resources */,
				3215DD3015BC8E2700C2610C /* green_btn_sm.png in Resources */,
				32C8931B15BCA72C0021E88E /* run_bg.png in Resources */,
				32C8931D15BCA9B50021E88E /* Doctor Soos Light 1.1.ttf in Resources */,
				9A9EFEE915C8F77900C04826 /* string_bg.png in Resources */,
				9A9EFEF415CA67AC00C04826 /* slit_front_green.png in Resources */,
				9A9EFEF515CA67AC00C04826 /* slit_back.png in Resources */,
				9A17648015CC331F00FD65A7 /* slit_front_blue.png in Resources */,
			);
			runOnlyForDeploymentPostprocessing = 0;
		};
		9A3E36AB15BA745700C3C268 /* Resources */ = {
			isa = PBXResourcesBuildPhase;
			buildActionMask = 2147483647;
			files = (
				9A3E36BA15BA745700C3C268 /* InfoPlist.strings in Resources */,
			);
			runOnlyForDeploymentPostprocessing = 0;
		};
/* End PBXResourcesBuildPhase section */

/* Begin PBXShellScriptBuildPhase section */
		9A3E36AC15BA745700C3C268 /* ShellScript */ = {
			isa = PBXShellScriptBuildPhase;
			buildActionMask = 2147483647;
			files = (
			);
			inputPaths = (
			);
			outputPaths = (
			);
			runOnlyForDeploymentPostprocessing = 0;
			shellPath = /bin/sh;
			shellScript = "# Run the unit tests in this test bundle.\n\"${SYSTEM_DEVELOPER_DIR}/Tools/RunUnitTests\"\n";
		};
/* End PBXShellScriptBuildPhase section */

/* Begin PBXSourcesBuildPhase section */
		9A3E368915BA745700C3C268 /* Sources */ = {
			isa = PBXSourcesBuildPhase;
			buildActionMask = 2147483647;
			files = (
				9A3E369E15BA745700C3C268 /* main.m in Sources */,
				9A3E36A215BA745700C3C268 /* SSAppDelegate.m in Sources */,
				9A3E36A515BA745700C3C268 /* SSViewController.m in Sources */,
				9A3E36C815BA74E400C3C268 /* SSCanvasView.m in Sources */,
				9A3E36CB15BA755E00C3C268 /* SSStatementView.m in Sources */,
				9A3E36CE15BA758100C3C268 /* SSVariableView.m in Sources */,
				AFCB95E315BB322800669CA7 /* SSPopOverViewController.m in Sources */,
				AFCB95FC15BB7B6700669CA7 /* SSConsoleViewController.m in Sources */,
				9A599F1015C26B72000DED43 /* Model.xcdatamodeld in Sources */,
				9A599F3915C315E9000DED43 /* SSProgram+Additions.m in Sources */,
				9A599F4E15C4886B000DED43 /* NSManagedObject+Additions.m in Sources */,
				9A599F8715C4A529000DED43 /* SSCommand+Additions.m in Sources */,
				9ACE27B215C66FEE00D7112F /* SSCommandView.m in Sources */,
				9ACE27B615C848A400D7112F /* SSVariable.m in Sources */,
				9ACE27B915C848A600D7112F /* SSProgram.m in Sources */,
				9ACE27BC15C848A600D7112F /* SSString.m in Sources */,
				9ACE27BF15C848A600D7112F /* SSParameter.m in Sources */,
				9ACE27C215C848A600D7112F /* SSCommand.m in Sources */,
				9ACE27C515C848A600D7112F /* SSStatement.m in Sources */,
				9ACE27C815C848FB00D7112F /* SSVariable+Additions.m in Sources */,
				9ACE27CB15C874C100D7112F /* SSParameter+Additions.m in Sources */,
				9ACE27CF15C87A9C00D7112F /* NSString+Additions.m in Sources */,
				9A9EFEE715C8F58000C04826 /* SSStringView.m in Sources */,
			);
			runOnlyForDeploymentPostprocessing = 0;
		};
		9A3E36A915BA745700C3C268 /* Sources */ = {
			isa = PBXSourcesBuildPhase;
			buildActionMask = 2147483647;
			files = (
				9A3E36BD15BA745700C3C268 /* SeussProgrammerTests.m in Sources */,
			);
			runOnlyForDeploymentPostprocessing = 0;
		};
/* End PBXSourcesBuildPhase section */

/* Begin PBXTargetDependency section */
		9A3E36B415BA745700C3C268 /* PBXTargetDependency */ = {
			isa = PBXTargetDependency;
			target = 9A3E368C15BA745700C3C268 /* SeussProgrammer */;
			targetProxy = 9A3E36B315BA745700C3C268 /* PBXContainerItemProxy */;
		};
/* End PBXTargetDependency section */

/* Begin PBXVariantGroup section */
		9A3E369A15BA745700C3C268 /* InfoPlist.strings */ = {
			isa = PBXVariantGroup;
			children = (
				9A3E369B15BA745700C3C268 /* en */,
			);
			name = InfoPlist.strings;
			sourceTree = "<group>";
		};
		9A3E36A615BA745700C3C268 /* SSViewController.xib */ = {
			isa = PBXVariantGroup;
			children = (
				9A3E36A715BA745700C3C268 /* en */,
			);
			name = SSViewController.xib;
			sourceTree = "<group>";
		};
		9A3E36B815BA745700C3C268 /* InfoPlist.strings */ = {
			isa = PBXVariantGroup;
			children = (
				9A3E36B915BA745700C3C268 /* en */,
			);
			name = InfoPlist.strings;
			sourceTree = "<group>";
		};
/* End PBXVariantGroup section */

/* Begin XCBuildConfiguration section */
		9A3E36BE15BA745700C3C268 /* Debug */ = {
			isa = XCBuildConfiguration;
			buildSettings = {
				ALWAYS_SEARCH_USER_PATHS = NO;
				ARCHS = "$(ARCHS_STANDARD_32_BIT)";
				CLANG_ENABLE_OBJC_ARC = YES;
				"CODE_SIGN_IDENTITY[sdk=iphoneos*]" = "iPhone Developer";
				COPY_PHASE_STRIP = NO;
				GCC_C_LANGUAGE_STANDARD = gnu99;
				GCC_DYNAMIC_NO_PIC = NO;
				GCC_OPTIMIZATION_LEVEL = 0;
				GCC_PREPROCESSOR_DEFINITIONS = (
					"DEBUG=1",
					"$(inherited)",
				);
				GCC_SYMBOLS_PRIVATE_EXTERN = NO;
				GCC_VERSION = com.apple.compilers.llvm.clang.1_0;
				GCC_WARN_ABOUT_RETURN_TYPE = YES;
				GCC_WARN_UNINITIALIZED_AUTOS = YES;
				GCC_WARN_UNUSED_VARIABLE = YES;
				IPHONEOS_DEPLOYMENT_TARGET = 5.1;
				SDKROOT = iphoneos;
				TARGETED_DEVICE_FAMILY = 2;
			};
			name = Debug;
		};
		9A3E36BF15BA745700C3C268 /* Release */ = {
			isa = XCBuildConfiguration;
			buildSettings = {
				ALWAYS_SEARCH_USER_PATHS = NO;
				ARCHS = "$(ARCHS_STANDARD_32_BIT)";
				CLANG_ENABLE_OBJC_ARC = YES;
				"CODE_SIGN_IDENTITY[sdk=iphoneos*]" = "iPhone Developer";
				COPY_PHASE_STRIP = YES;
				GCC_C_LANGUAGE_STANDARD = gnu99;
				GCC_VERSION = com.apple.compilers.llvm.clang.1_0;
				GCC_WARN_ABOUT_RETURN_TYPE = YES;
				GCC_WARN_UNINITIALIZED_AUTOS = YES;
				GCC_WARN_UNUSED_VARIABLE = YES;
				IPHONEOS_DEPLOYMENT_TARGET = 5.1;
				OTHER_CFLAGS = "-DNS_BLOCK_ASSERTIONS=1";
				SDKROOT = iphoneos;
				TARGETED_DEVICE_FAMILY = 2;
				VALIDATE_PRODUCT = YES;
			};
			name = Release;
		};
		9A3E36C115BA745700C3C268 /* Debug */ = {
			isa = XCBuildConfiguration;
			buildSettings = {
				GCC_PRECOMPILE_PREFIX_HEADER = YES;
				GCC_PREFIX_HEADER = "SeussProgrammer/SeussProgrammer-Prefix.pch";
				GCC_PREPROCESSOR_DEFINITIONS = (
					"DEBUG=1",
					"$(inherited)",
				);
				HEADER_SEARCH_PATHS = Seuss;
				INFOPLIST_FILE = "SeussProgrammer/SeussProgrammer-Info.plist";
				IPHONEOS_DEPLOYMENT_TARGET = 5.1;
				PRODUCT_NAME = "$(TARGET_NAME)";
				WRAPPER_EXTENSION = app;
			};
			name = Debug;
		};
		9A3E36C215BA745700C3C268 /* Release */ = {
			isa = XCBuildConfiguration;
			buildSettings = {
				GCC_PRECOMPILE_PREFIX_HEADER = YES;
				GCC_PREFIX_HEADER = "SeussProgrammer/SeussProgrammer-Prefix.pch";
				HEADER_SEARCH_PATHS = Seuss;
				INFOPLIST_FILE = "SeussProgrammer/SeussProgrammer-Info.plist";
				IPHONEOS_DEPLOYMENT_TARGET = 5.1;
				PRODUCT_NAME = "$(TARGET_NAME)";
				WRAPPER_EXTENSION = app;
			};
			name = Release;
		};
		9A3E36C415BA745700C3C268 /* Debug */ = {
			isa = XCBuildConfiguration;
			buildSettings = {
				BUNDLE_LOADER = "$(BUILT_PRODUCTS_DIR)/SeussProgrammer.app/SeussProgrammer";
				FRAMEWORK_SEARCH_PATHS = (
					"$(SDKROOT)/Developer/Library/Frameworks",
					"$(DEVELOPER_LIBRARY_DIR)/Frameworks",
				);
				GCC_PRECOMPILE_PREFIX_HEADER = YES;
				GCC_PREFIX_HEADER = "SeussProgrammer/SeussProgrammer-Prefix.pch";
				INFOPLIST_FILE = "SeussProgrammerTests/SeussProgrammerTests-Info.plist";
				PRODUCT_NAME = "$(TARGET_NAME)";
				TEST_HOST = "$(BUNDLE_LOADER)";
				WRAPPER_EXTENSION = octest;
			};
			name = Debug;
		};
		9A3E36C515BA745700C3C268 /* Release */ = {
			isa = XCBuildConfiguration;
			buildSettings = {
				BUNDLE_LOADER = "$(BUILT_PRODUCTS_DIR)/SeussProgrammer.app/SeussProgrammer";
				FRAMEWORK_SEARCH_PATHS = (
					"$(SDKROOT)/Developer/Library/Frameworks",
					"$(DEVELOPER_LIBRARY_DIR)/Frameworks",
				);
				GCC_PRECOMPILE_PREFIX_HEADER = YES;
				GCC_PREFIX_HEADER = "SeussProgrammer/SeussProgrammer-Prefix.pch";
				INFOPLIST_FILE = "SeussProgrammerTests/SeussProgrammerTests-Info.plist";
				PRODUCT_NAME = "$(TARGET_NAME)";
				TEST_HOST = "$(BUNDLE_LOADER)";
				WRAPPER_EXTENSION = octest;
			};
			name = Release;
		};
/* End XCBuildConfiguration section */

/* Begin XCConfigurationList section */
		9A3E368715BA745700C3C268 /* Build configuration list for PBXProject "SeussProgrammer" */ = {
			isa = XCConfigurationList;
			buildConfigurations = (
				9A3E36BE15BA745700C3C268 /* Debug */,
				9A3E36BF15BA745700C3C268 /* Release */,
			);
			defaultConfigurationIsVisible = 0;
			defaultConfigurationName = Release;
		};
		9A3E36C015BA745700C3C268 /* Build configuration list for PBXNativeTarget "SeussProgrammer" */ = {
			isa = XCConfigurationList;
			buildConfigurations = (
				9A3E36C115BA745700C3C268 /* Debug */,
				9A3E36C215BA745700C3C268 /* Release */,
			);
			defaultConfigurationIsVisible = 0;
			defaultConfigurationName = Release;
		};
		9A3E36C315BA745700C3C268 /* Build configuration list for PBXNativeTarget "SeussProgrammerTests" */ = {
			isa = XCConfigurationList;
			buildConfigurations = (
				9A3E36C415BA745700C3C268 /* Debug */,
				9A3E36C515BA745700C3C268 /* Release */,
			);
			defaultConfigurationIsVisible = 0;
			defaultConfigurationName = Release;
		};
/* End XCConfigurationList section */

/* Begin XCVersionGroup section */
		9A599F0E15C26B72000DED43 /* Model.xcdatamodeld */ = {
			isa = XCVersionGroup;
			children = (
				9A599F0F15C26B72000DED43 /* Model.xcdatamodel */,
			);
			currentVersion = 9A599F0F15C26B72000DED43 /* Model.xcdatamodel */;
			path = Model.xcdatamodeld;
			sourceTree = "<group>";
			versionGroupType = wrapper.xcdatamodel;
		};
/* End XCVersionGroup section */
	};
	rootObject = 9A3E368415BA745700C3C268 /* Project object */;
}
